
Microsoft Visual Studio Solution File, Format Version 12.00
# Visual Studio Version 16
VisualStudioVersion = 16.0.31702.278
MinimumVisualStudioVersion = 10.0.40219.1
Project("{FAE04EC0-301F-11D3-BF4B-00C04F79EFBC}") = "Calculator", "Calculator\Calculator.csproj", "{2E495204-FF7F-42E3-99CC-11FCBFA0DBD2}"
EndProject
Project("{FAE04EC0-301F-11D3-BF4B-00C04F79EFBC}") = "Calculator.Test", "Calculator.Test\Calculator.Test.csproj", "{F18A6C6F-3C3C-490B-B2B3-B02FB73AF4E8}"
EndProject
Global
	GlobalSection(SolutionConfigurationPlatforms) = preSolution
		Debug|Any CPU = Debug|Any CPU
		Release|Any CPU = Release|Any CPU
	EndGlobalSection
	GlobalSection(ProjectConfigurationPlatforms) = postSolution
		{2E495204-FF7F-42E3-99CC-11FCBFA0DBD2}.Debug|Any CPU.ActiveCfg = Debug|Any CPU
		{2E495204-FF7F-42E3-99CC-11FCBFA0DBD2}.Debug|Any CPU.Build.0 = Debug|Any CPU
		{2E495204-FF7F-42E3-99CC-11FCBFA0DBD2}.Release|Any CPU.ActiveCfg = Release|Any CPU
		{2E495204-FF7F-42E3-99CC-11FCBFA0DBD2}.Release|Any CPU.Build.0 = Release|Any CPU
		{F18A6C6F-3C3C-490B-B2B3-B02FB73AF4E8}.Debug|Any CPU.ActiveCfg = Debug|Any CPU
		{F18A6C6F-3C3C-490B-B2B3-B02FB73AF4E8}.Debug|Any CPU.Build.0 = Debug|Any CPU
		{F18A6C6F-3C3C-490B-B2B3-B02FB73AF4E8}.Release|Any CPU.ActiveCfg = Release|Any CPU
		{F18A6C6F-3C3C-490B-B2B3-B02FB73AF4E8}.Release|Any CPU.Build.0 = Release|Any CPU
	EndGlobalSection
	GlobalSection(SolutionProperties) = preSolution
		HideSolutionNode = FALSE
	EndGlobalSection
	GlobalSection(ExtensibilityGlobals) = postSolution
		SolutionGuid = {BFCD74D0-BA5D-4FE2-89C3-A74242A418B5}
	EndGlobalSection
EndGlobal
